
Microsoft Visual Studio Solution File, Format Version 12.00
# Visual Studio Version 17
VisualStudioVersion = 17.0.31912.275
MinimumVisualStudioVersion = 10.0.40219.1
Project("{9A19103F-16F7-4668-BE54-9A1E7A4F7556}") = "pupdate", "pupdate.csproj", "{88615FF5-4649-4DD0-B721-449269388A88}"
EndProject
Global
	GlobalSection(SolutionConfigurationPlatforms) = preSolution
		Debug|Any CPU = Debug|Any CPU
		Release|Any CPU = Release|Any CPU
	EndGlobalSection
	GlobalSection(ProjectConfigurationPlatforms) = postSolution
		{88615FF5-4649-4DD0-B721-449269388A88}.Debug|Any CPU.ActiveCfg = Debug|Any CPU
		{88615FF5-4649-4DD0-B721-449269388A88}.Debug|Any CPU.Build.0 = Debug|Any CPU
		{88615FF5-4649-4DD0-B721-449269388A88}.Release|Any CPU.ActiveCfg = Release|Any CPU
		{88615FF5-4649-4DD0-B721-449269388A88}.Release|Any CPU.Build.0 = Release|Any CPU
	EndGlobalSection
	GlobalSection(SolutionProperties) = preSolution
		HideSolutionNode = FALSE
	EndGlobalSection
	GlobalSection(ExtensibilityGlobals) = postSolution
		SolutionGuid = {E762A40A-D6F5-4D10-B9D2-9310E95944B6}
	EndGlobalSection
EndGlobal
